PODS:
  - PetStore (1.0.3)

DEPENDENCIES:
  - PetStore (from `./Examples/PetStore/PetStore.podspec`)

EXTERNAL SOURCES:
  PetStore:
    :path: "./Examples/PetStore/PetStore.podspec"

SPEC CHECKSUMS:
  PetStore: b6aea85987a3507469070751cdfea0b98d2d0695

PODFILE CHECKSUM: 99d8d68f09808a541a6eb3b716d12a61c23bfcce

COCOAPODS: 1.8.0.beta.2
