// !$*UTF8*$!
{
	archiveVersion = 1;
	classes = {
	};
	objectVersion = 51;
	objects = {

/* Begin PBXBuildFile section */
		045F207EF9CC26026C5B6F14 /* PetAPI.swift in Sources */ = {isa = PBXBuildFile; fileRef = AA79F8126652BCBDF35A55B3 /* PetAPI.swift */; };
		13D54E3D9A01FF29D7FA336B /* ApiResponse.swift in Sources */ = {isa = PBXBuildFile; fileRef = F95E745994F97DF5CB4ED316 /* ApiResponse.swift */; };
		1719AB0652FEBC053CD057AC /* UserAPI.swift in Sources */ = {isa = PBXBuildFile; fileRef = A294101D06DA0AE171FE9F12 /* UserAPI.swift */; };
		25B8586B54FE8030C3B9A8F0 /* StoreAPI.swift in Sources */ = {isa = PBXBuildFile; fileRef = 9E0C7BFC9E5FCDEAD664B017 /* StoreAPI.swift */; };
		45C9D9923B69C3F0FAB8F27F /* Extensions.swift in Sources */ = {isa = PBXBuildFile; fileRef = C3D6A27F61FEB54AA71ABCC2 /* Extensions.swift */; };
		4B07550691A1BE4C296EB4F1 /* Order.swift in Sources */ = {isa = PBXBuildFile; fileRef = CE042B4513D95F90A8D84A5F /* Order.swift */; };
		5391240ED35548597D201EFB /* Tag.swift in Sources */ = {isa = PBXBuildFile; fileRef = 2DDF704B12DA082AEB88BC33 /* Tag.swift */; };
		561F72530C3C2AAD3A26209F /* JSONEncodableEncoding.swift in Sources */ = {isa = PBXBuildFile; fileRef = 1802BE0C17B56127BD8941B5 /* JSONEncodableEncoding.swift */; };
		57B7C1F1DC2D7D9C8D8E2508 /* APIHelper.swift in Sources */ = {isa = PBXBuildFile; fileRef = 8F67795C543571AF6C72AA25 /* APIHelper.swift */; };
		682D75BBE0C533E3047C3DB7 /* Models.swift in Sources */ = {isa = PBXBuildFile; fileRef = F9CA9FE05D8C62D56041F63F /* Models.swift */; };
		91E4F58466E0DA0E7CB560AD /* AlamofireImplementations.swift in Sources */ = {isa = PBXBuildFile; fileRef = 69CEF1BCA5B8D2C0CA07ABD9 /* AlamofireImplementations.swift */; };
		978459428D8732C2758C69D5 /* APIs.swift in Sources */ = {isa = PBXBuildFile; fileRef = 5DC087991CDADFFF6DBCDF5B /* APIs.swift */; };
		B283BE734F148D5FE5C8A979 /* Pet.swift in Sources */ = {isa = PBXBuildFile; fileRef = 5A95B4CB8A9093C264E6CCB1 /* Pet.swift */; };
		C202C2B110271DA43CACA161 /* User.swift in Sources */ = {isa = PBXBuildFile; fileRef = ABEAD91D6AB82596566065FE /* User.swift */; };
		C5A22D4E0583B0C2E09188F9 /* Configuration.swift in Sources */ = {isa = PBXBuildFile; fileRef = E62210B50F9A873476807359 /* Configuration.swift */; };
		D5D00B6A8D3BF2AAA57EBA34 /* JSONEncodingHelper.swift in Sources */ = {isa = PBXBuildFile; fileRef = 9F682BF2AFBEDC70AE03D506 /* JSONEncodingHelper.swift */; };
		F6259B9269FE59296FC51799 /* CodableHelper.swift in Sources */ = {isa = PBXBuildFile; fileRef = 35B3B752C9505CEAC90D28A3 /* CodableHelper.swift */; };
		F8FCB080FE5E040F63CA2018 /* Category.swift in Sources */ = {isa = PBXBuildFile; fileRef = 28175190706C557184C9A52B /* Category.swift */; };
/* End PBXBuildFile section */

/* Begin PBXFileReference section */
		1802BE0C17B56127BD8941B5 /* JSONEncodableEncoding.swift */ = {isa = PBXFileReference; lastKnownFileType = sourcecode.swift; path = JSONEncodableEncoding.swift; sourceTree = "<group>"; };
		262A6E271E125B50EDF1DD0E /* PetStore.framework */ = {isa = PBXFileReference; explicitFileType = wrapper.framework; includeInIndex = 0; path = PetStore.framework; sourceTree = BUILT_PRODUCTS_DIR; };
		28175190706C557184C9A52B /* Category.swift */ = {isa = PBXFileReference; lastKnownFileType = sourcecode.swift; path = Category.swift; sourceTree = "<group>"; };
		2DDF704B12DA082AEB88BC33 /* Tag.swift */ = {isa = PBXFileReference; lastKnownFileType = sourcecode.swift; path = Tag.swift; sourceTree = "<group>"; };
		35B3B752C9505CEAC90D28A3 /* CodableHelper.swift */ = {isa = PBXFileReference; lastKnownFileType = sourcecode.swift; path = CodableHelper.swift; sourceTree = "<group>"; };
		5A95B4CB8A9093C264E6CCB1 /* Pet.swift */ = {isa = PBXFileReference; lastKnownFileType = sourcecode.swift; path = Pet.swift; sourceTree = "<group>"; };
		5DC087991CDADFFF6DBCDF5B /* APIs.swift */ = {isa = PBXFileReference; lastKnownFileType = sourcecode.swift; path = APIs.swift; sourceTree = "<group>"; };
		69CEF1BCA5B8D2C0CA07ABD9 /* AlamofireImplementations.swift */ = {isa = PBXFileReference; lastKnownFileType = sourcecode.swift; path = AlamofireImplementations.swift; sourceTree = "<group>"; };
		8F67795C543571AF6C72AA25 /* APIHelper.swift */ = {isa = PBXFileReference; lastKnownFileType = sourcecode.swift; path = APIHelper.swift; sourceTree = "<group>"; };
		9E0C7BFC9E5FCDEAD664B017 /* StoreAPI.swift */ = {isa = PBXFileReference; lastKnownFileType = sourcecode.swift; path = StoreAPI.swift; sourceTree = "<group>"; };
		9F682BF2AFBEDC70AE03D506 /* JSONEncodingHelper.swift */ = {isa = PBXFileReference; lastKnownFileType = sourcecode.swift; path = JSONEncodingHelper.swift; sourceTree = "<group>"; };
		A294101D06DA0AE171FE9F12 /* UserAPI.swift */ = {isa = PBXFileReference; lastKnownFileType = sourcecode.swift; path = UserAPI.swift; sourceTree = "<group>"; };
		AA79F8126652BCBDF35A55B3 /* PetAPI.swift */ = {isa = PBXFileReference; lastKnownFileType = sourcecode.swift; path = PetAPI.swift; sourceTree = "<group>"; };
		ABEAD91D6AB82596566065FE /* User.swift */ = {isa = PBXFileReference; lastKnownFileType = sourcecode.swift; path = User.swift; sourceTree = "<group>"; };
		C3D6A27F61FEB54AA71ABCC2 /* Extensions.swift */ = {isa = PBXFileReference; lastKnownFileType = sourcecode.swift; path = Extensions.swift; sourceTree = "<group>"; };
		CE042B4513D95F90A8D84A5F /* Order.swift */ = {isa = PBXFileReference; lastKnownFileType = sourcecode.swift; path = Order.swift; sourceTree = "<group>"; };
		E62210B50F9A873476807359 /* Configuration.swift */ = {isa = PBXFileReference; lastKnownFileType = sourcecode.swift; path = Configuration.swift; sourceTree = "<group>"; };
		F95E745994F97DF5CB4ED316 /* ApiResponse.swift */ = {isa = PBXFileReference; lastKnownFileType = sourcecode.swift; path = ApiResponse.swift; sourceTree = "<group>"; };
		F9CA9FE05D8C62D56041F63F /* Models.swift */ = {isa = PBXFileReference; lastKnownFileType = sourcecode.swift; path = Models.swift; sourceTree = "<group>"; };
/* End PBXFileReference section */

/* Begin PBXGroup section */
		084710FDC86285C5B93FB61C /* Products */ = {
			isa = PBXGroup;
			children = (
				262A6E271E125B50EDF1DD0E /* PetStore.framework */,
			);
			name = Products;
			sourceTree = "<group>";
		};
		1692DCC18692B5FDCB05635A /* PetStore */ = {
			isa = PBXGroup;
			children = (
				1B5009B2DB140A8AB2ADBE79 /* Classes */,
			);
			path = PetStore;
			sourceTree = "<group>";
		};
		17F7C724F242D3AF4FD47163 /* OpenAPIs */ = {
			isa = PBXGroup;
			children = (
				69CEF1BCA5B8D2C0CA07ABD9 /* AlamofireImplementations.swift */,
				8F67795C543571AF6C72AA25 /* APIHelper.swift */,
				5DC087991CDADFFF6DBCDF5B /* APIs.swift */,
				35B3B752C9505CEAC90D28A3 /* CodableHelper.swift */,
				E62210B50F9A873476807359 /* Configuration.swift */,
				C3D6A27F61FEB54AA71ABCC2 /* Extensions.swift */,
				1802BE0C17B56127BD8941B5 /* JSONEncodableEncoding.swift */,
				9F682BF2AFBEDC70AE03D506 /* JSONEncodingHelper.swift */,
				F9CA9FE05D8C62D56041F63F /* Models.swift */,
				BC87DE2323C0D323CE3D3422 /* APIs */,
				B0E1B9FE4E7DCEAE4AE6DAE6 /* Models */,
			);
			path = OpenAPIs;
			sourceTree = "<group>";
		};
		1B5009B2DB140A8AB2ADBE79 /* Classes */ = {
			isa = PBXGroup;
			children = (
				17F7C724F242D3AF4FD47163 /* OpenAPIs */,
			);
			path = Classes;
			sourceTree = "<group>";
		};
		4F7DCE71596BA20F522B0AFB = {
			isa = PBXGroup;
			children = (
				1692DCC18692B5FDCB05635A /* PetStore */,
				084710FDC86285C5B93FB61C /* Products */,
			);
			sourceTree = "<group>";
		};
		B0E1B9FE4E7DCEAE4AE6DAE6 /* Models */ = {
			isa = PBXGroup;
			children = (
				F95E745994F97DF5CB4ED316 /* ApiResponse.swift */,
				28175190706C557184C9A52B /* Category.swift */,
				CE042B4513D95F90A8D84A5F /* Order.swift */,
				5A95B4CB8A9093C264E6CCB1 /* Pet.swift */,
				2DDF704B12DA082AEB88BC33 /* Tag.swift */,
				ABEAD91D6AB82596566065FE /* User.swift */,
			);
			path = Models;
			sourceTree = "<group>";
		};
		BC87DE2323C0D323CE3D3422 /* APIs */ = {
			isa = PBXGroup;
			children = (
				AA79F8126652BCBDF35A55B3 /* PetAPI.swift */,
				9E0C7BFC9E5FCDEAD664B017 /* StoreAPI.swift */,
				A294101D06DA0AE171FE9F12 /* UserAPI.swift */,
			);
			path = APIs;
			sourceTree = "<group>";
		};
/* End PBXGroup section */

/* Begin PBXNativeTarget section */
		717E5EF9FAF44B690A4C67D0 /* PetStore */ = {
			isa = PBXNativeTarget;
			buildConfigurationList = 332A79DB4B4D9548A5A11229 /* Build configuration list for PBXNativeTarget "PetStore" */;
			buildPhases = (
				FC167F278FCF5DF94E835FEC /* Sources */,
			);
			buildRules = (
			);
			dependencies = (
			);
			name = PetStore;
			productName = PetStore;
			productReference = 262A6E271E125B50EDF1DD0E /* PetStore.framework */;
			productType = "com.apple.product-type.framework";
		};
/* End PBXNativeTarget section */

/* Begin PBXProject section */
		6714C7AF254A171ADAB4D679 /* Project object */ = {
			isa = PBXProject;
			attributes = {
				LastUpgradeCheck = 1020;
				TargetAttributes = {
					717E5EF9FAF44B690A4C67D0 = {
						ProvisioningStyle = Automatic;
					};
				};
			};
			buildConfigurationList = 87D676FAE5AFD45F174EC0B9 /* Build configuration list for PBXProject "PetStore" */;
			compatibilityVersion = "Xcode 10.0";
			developmentRegion = en;
			hasScannedForEncodings = 0;
			knownRegions = (
				en,
			);
			mainGroup = 4F7DCE71596BA20F522B0AFB;
			projectDirPath = "";
			projectRoot = "";
			targets = (
				717E5EF9FAF44B690A4C67D0 /* PetStore */,
			);
		};
/* End PBXProject section */

/* Begin PBXSourcesBuildPhase section */
		FC167F278FCF5DF94E835FEC /* Sources */ = {
			isa = PBXSourcesBuildPhase;
			buildActionMask = 2147483647;
			files = (
				57B7C1F1DC2D7D9C8D8E2508 /* APIHelper.swift in Sources */,
				978459428D8732C2758C69D5 /* APIs.swift in Sources */,
				91E4F58466E0DA0E7CB560AD /* AlamofireImplementations.swift in Sources */,
				13D54E3D9A01FF29D7FA336B /* ApiResponse.swift in Sources */,
				F8FCB080FE5E040F63CA2018 /* Category.swift in Sources */,
				F6259B9269FE59296FC51799 /* CodableHelper.swift in Sources */,
				C5A22D4E0583B0C2E09188F9 /* Configuration.swift in Sources */,
				45C9D9923B69C3F0FAB8F27F /* Extensions.swift in Sources */,
				561F72530C3C2AAD3A26209F /* JSONEncodableEncoding.swift in Sources */,
				D5D00B6A8D3BF2AAA57EBA34 /* JSONEncodingHelper.swift in Sources */,
				682D75BBE0C533E3047C3DB7 /* Models.swift in Sources */,
				4B07550691A1BE4C296EB4F1 /* Order.swift in Sources */,
				B283BE734F148D5FE5C8A979 /* Pet.swift in Sources */,
				045F207EF9CC26026C5B6F14 /* PetAPI.swift in Sources */,
				25B8586B54FE8030C3B9A8F0 /* StoreAPI.swift in Sources */,
				5391240ED35548597D201EFB /* Tag.swift in Sources */,
				C202C2B110271DA43CACA161 /* User.swift in Sources */,
				1719AB0652FEBC053CD057AC /* UserAPI.swift in Sources */,
			);
			runOnlyForDeploymentPostprocessing = 0;
		};
/* End PBXSourcesBuildPhase section */

/* Begin XCBuildConfiguration section */
		016472FDBAE857DD19C35D42 /* Release */ = {
			isa = XCBuildConfiguration;
			buildSettings = {
				ALWAYS_EMBED_SWIFT_STANDARD_LIBRARIES = "${inherited}";
				APPLICATION_EXTENSION_API_ONLY = YES;
				CODE_SIGN_IDENTITY = "";
				CODE_SIGN_STYLE = Automatic;
				CURRENT_PROJECT_VERSION = 1;
				DEFINES_MODULE = YES;
				DYLIB_COMPATIBILITY_VERSION = 1;
				DYLIB_CURRENT_VERSION = 1;
				DYLIB_INSTALL_NAME_BASE = "@rpath";
				INFOPLIST_FILE = Info.plist;
				INSTALL_PATH = "$(LOCAL_LIBRARY_DIR)/Frameworks";
				IPHONEOS_DEPLOYMENT_TARGET = 10.0;
				LD_RUNPATH_SEARCH_PATHS = (
					"$(inherited)",
					"@executable_path/Frameworks",
				);
				PRODUCT_BUNDLE_IDENTIFIER = "com.d-date.PetStore";
				SDKROOT = iphoneos;
				SKIP_INSTALL = YES;
				SWIFT_VERSION = 5.0;
				TARGETED_DEVICE_FAMILY = "1,2";
				VERSIONING_SYSTEM = "apple-generic";
			};
			name = Release;
		};
		478CC46D80E3F3E6C5D1F900 /* Debug */ = {
			isa = XCBuildConfiguration;
			buildSettings = {
				ALWAYS_SEARCH_USER_PATHS = NO;
				CLANG_ANALYZER_NONNULL = YES;
				CLANG_ANALYZER_NUMBER_OBJECT_CONVERSION = YES_AGGRESSIVE;
				CLANG_CXX_LANGUAGE_STANDARD = "gnu++14";
				CLANG_CXX_LIBRARY = "libc++";
				CLANG_ENABLE_MODULES = YES;
				CLANG_ENABLE_OBJC_ARC = YES;
				CLANG_WARN_BLOCK_CAPTURE_AUTORELEASING = YES;
				CLANG_WARN_BOOL_CONVERSION = YES;
				CLANG_WARN_COMMA = YES;
				CLANG_WARN_CONSTANT_CONVERSION = YES;
				CLANG_WARN_DEPRECATED_OBJC_IMPLEMENTATIONS = YES;
				CLANG_WARN_DIRECT_OBJC_ISA_USAGE = YES_ERROR;
				CLANG_WARN_DOCUMENTATION_COMMENTS = YES;
				CLANG_WARN_EMPTY_BODY = YES;
				CLANG_WARN_ENUM_CONVERSION = YES;
				CLANG_WARN_INFINITE_RECURSION = YES;
				CLANG_WARN_INT_CONVERSION = YES;
				CLANG_WARN_NON_LITERAL_NULL_CONVERSION = YES;
				CLANG_WARN_OBJC_IMPLICIT_RETAIN_SELF = YES;
				CLANG_WARN_OBJC_LITERAL_CONVERSION = YES;
				CLANG_WARN_OBJC_ROOT_CLASS = YES_ERROR;
				CLANG_WARN_RANGE_LOOP_ANALYSIS = YES;
				CLANG_WARN_STRICT_PROTOTYPES = YES;
				CLANG_WARN_SUSPICIOUS_MOVE = YES;
				CLANG_WARN_UNGUARDED_AVAILABILITY = YES_AGGRESSIVE;
				CLANG_WARN_UNREACHABLE_CODE = YES;
				CLANG_WARN__DUPLICATE_METHOD_MATCH = YES;
				COPY_PHASE_STRIP = NO;
				DEBUG_INFORMATION_FORMAT = dwarf;
				ENABLE_STRICT_OBJC_MSGSEND = YES;
				ENABLE_TESTABILITY = YES;
				GCC_C_LANGUAGE_STANDARD = gnu11;
				GCC_DYNAMIC_NO_PIC = NO;
				GCC_NO_COMMON_BLOCKS = YES;
				GCC_OPTIMIZATION_LEVEL = 0;
				GCC_PREPROCESSOR_DEFINITIONS = (
					"$(inherited)",
					"DEBUG=1",
				);
				GCC_WARN_64_TO_32_BIT_CONVERSION = YES;
				GCC_WARN_ABOUT_RETURN_TYPE = YES_ERROR;
				GCC_WARN_UNDECLARED_SELECTOR = YES;
				GCC_WARN_UNINITIALIZED_AUTOS = YES_AGGRESSIVE;
				GCC_WARN_UNUSED_FUNCTION = YES;
				GCC_WARN_UNUSED_VARIABLE = YES;
				MTL_ENABLE_DEBUG_INFO = YES;
				ONLY_ACTIVE_ARCH = YES;
				PRODUCT_NAME = "$(TARGET_NAME)";
				SDKROOT = iphoneos;
				SWIFT_ACTIVE_COMPILATION_CONDITIONS = DEBUG;
				SWIFT_OPTIMIZATION_LEVEL = "-Onone";
				SWIFT_VERSION = 5.0;
			};
			name = Debug;
		};
		D1C616FC9EC051AEE306328F /* Debug */ = {
			isa = XCBuildConfiguration;
			buildSettings = {
				ALWAYS_EMBED_SWIFT_STANDARD_LIBRARIES = "${inherited}";
				APPLICATION_EXTENSION_API_ONLY = YES;
				CODE_SIGN_IDENTITY = "";
				CODE_SIGN_STYLE = Automatic;
				CURRENT_PROJECT_VERSION = 1;
				DEFINES_MODULE = YES;
				DYLIB_COMPATIBILITY_VERSION = 1;
				DYLIB_CURRENT_VERSION = 1;
				DYLIB_INSTALL_NAME_BASE = "@rpath";
				INFOPLIST_FILE = Info.plist;
				INSTALL_PATH = "$(LOCAL_LIBRARY_DIR)/Frameworks";
				IPHONEOS_DEPLOYMENT_TARGET = 10.0;
				LD_RUNPATH_SEARCH_PATHS = (
					"$(inherited)",
					"@executable_path/Frameworks",
				);
				PRODUCT_BUNDLE_IDENTIFIER = "com.d-date.PetStore";
				SDKROOT = iphoneos;
				SKIP_INSTALL = YES;
				SWIFT_VERSION = 5.0;
				TARGETED_DEVICE_FAMILY = "1,2";
				VERSIONING_SYSTEM = "apple-generic";
			};
			name = Debug;
		};
		D59193F6D7B78923FEB2B8B5 /* Release */ = {
			isa = XCBuildConfiguration;
			buildSettings = {
				ALWAYS_SEARCH_USER_PATHS = NO;
				CLANG_ANALYZER_NONNULL = YES;
				CLANG_ANALYZER_NUMBER_OBJECT_CONVERSION = YES_AGGRESSIVE;
				CLANG_CXX_LANGUAGE_STANDARD = "gnu++14";
				CLANG_CXX_LIBRARY = "libc++";
				CLANG_ENABLE_MODULES = YES;
				CLANG_ENABLE_OBJC_ARC = YES;
				CLANG_WARN_BLOCK_CAPTURE_AUTORELEASING = YES;
				CLANG_WARN_BOOL_CONVERSION = YES;
				CLANG_WARN_COMMA = YES;
				CLANG_WARN_CONSTANT_CONVERSION = YES;
				CLANG_WARN_DEPRECATED_OBJC_IMPLEMENTATIONS = YES;
				CLANG_WARN_DIRECT_OBJC_ISA_USAGE = YES_ERROR;
				CLANG_WARN_DOCUMENTATION_COMMENTS = YES;
				CLANG_WARN_EMPTY_BODY = YES;
				CLANG_WARN_ENUM_CONVERSION = YES;
				CLANG_WARN_INFINITE_RECURSION = YES;
				CLANG_WARN_INT_CONVERSION = YES;
				CLANG_WARN_NON_LITERAL_NULL_CONVERSION = YES;
				CLANG_WARN_OBJC_IMPLICIT_RETAIN_SELF = YES;
				CLANG_WARN_OBJC_LITERAL_CONVERSION = YES;
				CLANG_WARN_OBJC_ROOT_CLASS = YES_ERROR;
				CLANG_WARN_RANGE_LOOP_ANALYSIS = YES;
				CLANG_WARN_STRICT_PROTOTYPES = YES;
				CLANG_WARN_SUSPICIOUS_MOVE = YES;
				CLANG_WARN_UNGUARDED_AVAILABILITY = YES_AGGRESSIVE;
				CLANG_WARN_UNREACHABLE_CODE = YES;
				CLANG_WARN__DUPLICATE_METHOD_MATCH = YES;
				COPY_PHASE_STRIP = NO;
				DEBUG_INFORMATION_FORMAT = "dwarf-with-dsym";
				ENABLE_NS_ASSERTIONS = NO;
				ENABLE_STRICT_OBJC_MSGSEND = YES;
				GCC_C_LANGUAGE_STANDARD = gnu11;
				GCC_NO_COMMON_BLOCKS = YES;
				GCC_WARN_64_TO_32_BIT_CONVERSION = YES;
				GCC_WARN_ABOUT_RETURN_TYPE = YES_ERROR;
				GCC_WARN_UNDECLARED_SELECTOR = YES;
				GCC_WARN_UNINITIALIZED_AUTOS = YES_AGGRESSIVE;
				GCC_WARN_UNUSED_FUNCTION = YES;
				GCC_WARN_UNUSED_VARIABLE = YES;
				PRODUCT_NAME = "$(TARGET_NAME)";
				SDKROOT = iphoneos;
				SWIFT_COMPILATION_MODE = wholemodule;
				SWIFT_VERSION = 5.0;
				VALIDATE_PRODUCT = YES;
			};
			name = Release;
		};
/* End XCBuildConfiguration section */

/* Begin XCConfigurationList section */
		332A79DB4B4D9548A5A11229 /* Build configuration list for PBXNativeTarget "PetStore" */ = {
			isa = XCConfigurationList;
			buildConfigurations = (
				D1C616FC9EC051AEE306328F /* Debug */,
				016472FDBAE857DD19C35D42 /* Release */,
			);
			defaultConfigurationIsVisible = 0;
			defaultConfigurationName = "";
		};
		87D676FAE5AFD45F174EC0B9 /* Build configuration list for PBXProject "PetStore" */ = {
			isa = XCConfigurationList;
			buildConfigurations = (
				478CC46D80E3F3E6C5D1F900 /* Debug */,
				D59193F6D7B78923FEB2B8B5 /* Release */,
			);
			defaultConfigurationIsVisible = 0;
			defaultConfigurationName = Debug;
		};
/* End XCConfigurationList section */
	};
	rootObject = 6714C7AF254A171ADAB4D679 /* Project object */;
}
