// !$*UTF8*$!
{
	archiveVersion = 1;
	classes = {
	};
	objectVersion = 46;
	objects = {

/* Begin PBXAggregateTarget section */
		"APIClient::APIClientPackageTests::ProductTarget" /* APIClientPackageTests */ = {
			isa = PBXAggregateTarget;
			buildConfigurationList = OBJ_71 /* Build configuration list for PBXAggregateTarget "APIClientPackageTests" */;
			buildPhases = (
			);
			dependencies = (
				OBJ_74 /* PBXTargetDependency */,
			);
			name = APIClientPackageTests;
			productName = APIClientPackageTests;
		};
/* End PBXAggregateTarget section */

/* Begin PBXBuildFile section */
		D56F784424C1978B00D64997 /* Models.swift in Sources */ = {isa = PBXBuildFile; fileRef = D56F784224C1947E00D64997 /* Models.swift */; };
		OBJ_100 /* Order.swift in Sources */ = {isa = PBXBuildFile; fileRef = OBJ_34 /* Order.swift */; };
		OBJ_101 /* Pet.swift in Sources */ = {isa = PBXBuildFile; fileRef = OBJ_35 /* Pet.swift */; };
		OBJ_102 /* Tag.swift in Sources */ = {isa = PBXBuildFile; fileRef = OBJ_36 /* Tag.swift */; };
		OBJ_103 /* User.swift in Sources */ = {isa = PBXBuildFile; fileRef = OBJ_37 /* User.swift */; };
		OBJ_110 /* Package.swift in Sources */ = {isa = PBXBuildFile; fileRef = OBJ_38 /* Package.swift */; };
		OBJ_57 /* Authenticator.swift in Sources */ = {isa = PBXBuildFile; fileRef = OBJ_11 /* Authenticator.swift */; };
		OBJ_58 /* Client.swift in Sources */ = {isa = PBXBuildFile; fileRef = OBJ_12 /* Client.swift */; };
		OBJ_59 /* Configuration.swift in Sources */ = {isa = PBXBuildFile; fileRef = OBJ_13 /* Configuration.swift */; };
		OBJ_60 /* Interceptor.swift in Sources */ = {isa = PBXBuildFile; fileRef = OBJ_14 /* Interceptor.swift */; };
		OBJ_61 /* Request.swift in Sources */ = {isa = PBXBuildFile; fileRef = OBJ_15 /* Request.swift */; };
		OBJ_62 /* Response.swift in Sources */ = {isa = PBXBuildFile; fileRef = OBJ_16 /* Response.swift */; };
		OBJ_69 /* Package.swift in Sources */ = {isa = PBXBuildFile; fileRef = OBJ_6 /* Package.swift */; };
		OBJ_80 /* APIClientTests.swift in Sources */ = {isa = PBXBuildFile; fileRef = OBJ_19 /* APIClientTests.swift */; };
		OBJ_81 /* Logger.swift in Sources */ = {isa = PBXBuildFile; fileRef = OBJ_20 /* Logger.swift */; };
		OBJ_82 /* RequestBuilder.swift in Sources */ = {isa = PBXBuildFile; fileRef = OBJ_21 /* RequestBuilder.swift */; };
		OBJ_83 /* XCTestManifests.swift in Sources */ = {isa = PBXBuildFile; fileRef = OBJ_22 /* XCTestManifests.swift */; };
		OBJ_85 /* PetStore.framework in Frameworks */ = {isa = PBXBuildFile; fileRef = "PetStore::PetStore::Product" /* PetStore.framework */; };
		OBJ_86 /* APIClient.framework in Frameworks */ = {isa = PBXBuildFile; fileRef = "APIClient::APIClient::Product" /* APIClient.framework */; };
		OBJ_94 /* APIs.swift in Sources */ = {isa = PBXBuildFile; fileRef = OBJ_26 /* APIs.swift */; };
		OBJ_95 /* PetAPI.swift in Sources */ = {isa = PBXBuildFile; fileRef = OBJ_28 /* PetAPI.swift */; };
		OBJ_96 /* StoreAPI.swift in Sources */ = {isa = PBXBuildFile; fileRef = OBJ_29 /* StoreAPI.swift */; };
		OBJ_97 /* UserAPI.swift in Sources */ = {isa = PBXBuildFile; fileRef = OBJ_30 /* UserAPI.swift */; };
		OBJ_98 /* ApiResponse.swift in Sources */ = {isa = PBXBuildFile; fileRef = OBJ_32 /* ApiResponse.swift */; };
		OBJ_99 /* Category.swift in Sources */ = {isa = PBXBuildFile; fileRef = OBJ_33 /* Category.swift */; };
/* End PBXBuildFile section */

/* Begin PBXContainerItemProxy section */
		D56F783D24C0647800D64997 /* PBXContainerItemProxy */ = {
			isa = PBXContainerItemProxy;
			containerPortal = OBJ_1 /* Project object */;
			proxyType = 1;
			remoteGlobalIDString = "PetStore::PetStore";
			remoteInfo = PetStore;
		};
		D56F783E24C0647800D64997 /* PBXContainerItemProxy */ = {
			isa = PBXContainerItemProxy;
			containerPortal = OBJ_1 /* Project object */;
			proxyType = 1;
			remoteGlobalIDString = "APIClient::APIClient";
			remoteInfo = APIClient;
		};
		D56F784124C064A100D64997 /* PBXContainerItemProxy */ = {
			isa = PBXContainerItemProxy;
			containerPortal = OBJ_1 /* Project object */;
			proxyType = 1;
			remoteGlobalIDString = "APIClient::APIClientTests";
			remoteInfo = APIClientTests;
		};
/* End PBXContainerItemProxy section */

/* Begin PBXFileReference section */
		"APIClient::APIClient::Product" /* APIClient.framework */ = {isa = PBXFileReference; lastKnownFileType = wrapper.framework; path = APIClient.framework; sourceTree = BUILT_PRODUCTS_DIR; };
		"APIClient::APIClientTests::Product" /* APIClientTests.xctest */ = {isa = PBXFileReference; lastKnownFileType = file; path = APIClientTests.xctest; sourceTree = BUILT_PRODUCTS_DIR; };
		D56F784224C1947E00D64997 /* Models.swift */ = {isa = PBXFileReference; lastKnownFileType = sourcecode.swift; name = Models.swift; path = Examples/PetStore/Sources/PetStore/Models.swift; sourceTree = SOURCE_ROOT; };
		OBJ_10 /* Info.plist */ = {isa = PBXFileReference; lastKnownFileType = text.plist.xml; path = Info.plist; sourceTree = "<group>"; };
		OBJ_11 /* Authenticator.swift */ = {isa = PBXFileReference; lastKnownFileType = sourcecode.swift; path = Authenticator.swift; sourceTree = "<group>"; };
		OBJ_12 /* Client.swift */ = {isa = PBXFileReference; lastKnownFileType = sourcecode.swift; path = Client.swift; sourceTree = "<group>"; };
		OBJ_13 /* Configuration.swift */ = {isa = PBXFileReference; lastKnownFileType = sourcecode.swift; path = Configuration.swift; sourceTree = "<group>"; };
		OBJ_14 /* Interceptor.swift */ = {isa = PBXFileReference; lastKnownFileType = sourcecode.swift; path = Interceptor.swift; sourceTree = "<group>"; };
		OBJ_15 /* Request.swift */ = {isa = PBXFileReference; lastKnownFileType = sourcecode.swift; path = Request.swift; sourceTree = "<group>"; };
		OBJ_16 /* Response.swift */ = {isa = PBXFileReference; lastKnownFileType = sourcecode.swift; path = Response.swift; sourceTree = "<group>"; };
		OBJ_19 /* APIClientTests.swift */ = {isa = PBXFileReference; lastKnownFileType = sourcecode.swift; path = APIClientTests.swift; sourceTree = "<group>"; };
		OBJ_20 /* Logger.swift */ = {isa = PBXFileReference; lastKnownFileType = sourcecode.swift; path = Logger.swift; sourceTree = "<group>"; };
		OBJ_21 /* RequestBuilder.swift */ = {isa = PBXFileReference; lastKnownFileType = sourcecode.swift; path = RequestBuilder.swift; sourceTree = "<group>"; };
		OBJ_22 /* XCTestManifests.swift */ = {isa = PBXFileReference; lastKnownFileType = sourcecode.swift; path = XCTestManifests.swift; sourceTree = "<group>"; };
		OBJ_26 /* APIs.swift */ = {isa = PBXFileReference; lastKnownFileType = sourcecode.swift; path = APIs.swift; sourceTree = "<group>"; };
		OBJ_28 /* PetAPI.swift */ = {isa = PBXFileReference; lastKnownFileType = sourcecode.swift; path = PetAPI.swift; sourceTree = "<group>"; };
		OBJ_29 /* StoreAPI.swift */ = {isa = PBXFileReference; lastKnownFileType = sourcecode.swift; path = StoreAPI.swift; sourceTree = "<group>"; };
		OBJ_30 /* UserAPI.swift */ = {isa = PBXFileReference; lastKnownFileType = sourcecode.swift; path = UserAPI.swift; sourceTree = "<group>"; };
		OBJ_32 /* ApiResponse.swift */ = {isa = PBXFileReference; lastKnownFileType = sourcecode.swift; path = ApiResponse.swift; sourceTree = "<group>"; };
		OBJ_33 /* Category.swift */ = {isa = PBXFileReference; lastKnownFileType = sourcecode.swift; path = Category.swift; sourceTree = "<group>"; };
		OBJ_34 /* Order.swift */ = {isa = PBXFileReference; lastKnownFileType = sourcecode.swift; path = Order.swift; sourceTree = "<group>"; };
		OBJ_35 /* Pet.swift */ = {isa = PBXFileReference; lastKnownFileType = sourcecode.swift; path = Pet.swift; sourceTree = "<group>"; };
		OBJ_36 /* Tag.swift */ = {isa = PBXFileReference; lastKnownFileType = sourcecode.swift; path = Tag.swift; sourceTree = "<group>"; };
		OBJ_37 /* User.swift */ = {isa = PBXFileReference; lastKnownFileType = sourcecode.swift; path = User.swift; sourceTree = "<group>"; };
		OBJ_38 /* Package.swift */ = {isa = PBXFileReference; explicitFileType = sourcecode.swift; path = Package.swift; sourceTree = "<group>"; };
		OBJ_43 /* APIClient */ = {isa = PBXFileReference; lastKnownFileType = text; path = APIClient; sourceTree = SOURCE_ROOT; };
		OBJ_44 /* APIClientTests */ = {isa = PBXFileReference; lastKnownFileType = folder; path = APIClientTests; sourceTree = SOURCE_ROOT; };
		OBJ_45 /* Pods */ = {isa = PBXFileReference; lastKnownFileType = text; path = Pods; sourceTree = SOURCE_ROOT; };
		OBJ_46 /* Examples */ = {isa = PBXFileReference; lastKnownFileType = folder; path = Examples; sourceTree = SOURCE_ROOT; };
		OBJ_47 /* LICENSE */ = {isa = PBXFileReference; lastKnownFileType = text; path = LICENSE; sourceTree = "<group>"; };
		OBJ_48 /* project.yml */ = {isa = PBXFileReference; lastKnownFileType = text.yaml; path = project.yml; sourceTree = "<group>"; };
		OBJ_49 /* README.md */ = {isa = PBXFileReference; lastKnownFileType = net.daringfireball.markdown; path = README.md; sourceTree = "<group>"; };
		OBJ_50 /* Podfile */ = {isa = PBXFileReference; lastKnownFileType = text; path = Podfile; sourceTree = "<group>"; };
		OBJ_51 /* Podfile.lock */ = {isa = PBXFileReference; lastKnownFileType = file; path = Podfile.lock; sourceTree = "<group>"; };
		OBJ_6 /* Package.swift */ = {isa = PBXFileReference; explicitFileType = sourcecode.swift; path = Package.swift; sourceTree = "<group>"; };
		OBJ_9 /* APIClient.h */ = {isa = PBXFileReference; lastKnownFileType = sourcecode.c.h; path = APIClient.h; sourceTree = "<group>"; };
		"PetStore::PetStore::Product" /* PetStore.framework */ = {isa = PBXFileReference; lastKnownFileType = wrapper.framework; path = PetStore.framework; sourceTree = BUILT_PRODUCTS_DIR; };
/* End PBXFileReference section */

/* Begin PBXFrameworksBuildPhase section */
		OBJ_104 /* Frameworks */ = {
			isa = PBXFrameworksBuildPhase;
			buildActionMask = 0;
			files = (
			);
			runOnlyForDeploymentPostprocessing = 0;
		};
		OBJ_63 /* Frameworks */ = {
			isa = PBXFrameworksBuildPhase;
			buildActionMask = 0;
			files = (
			);
			runOnlyForDeploymentPostprocessing = 0;
		};
		OBJ_84 /* Frameworks */ = {
			isa = PBXFrameworksBuildPhase;
			buildActionMask = 0;
			files = (
				OBJ_85 /* PetStore.framework in Frameworks */,
				OBJ_86 /* APIClient.framework in Frameworks */,
			);
			runOnlyForDeploymentPostprocessing = 0;
		};
/* End PBXFrameworksBuildPhase section */

/* Begin PBXGroup section */
		OBJ_17 /* Tests */ = {
			isa = PBXGroup;
			children = (
				OBJ_18 /* APIClientTests */,
			);
			name = Tests;
			sourceTree = SOURCE_ROOT;
		};
		OBJ_18 /* APIClientTests */ = {
			isa = PBXGroup;
			children = (
				OBJ_19 /* APIClientTests.swift */,
				OBJ_20 /* Logger.swift */,
				OBJ_21 /* RequestBuilder.swift */,
				OBJ_22 /* XCTestManifests.swift */,
			);
			name = APIClientTests;
			path = Tests/APIClientTests;
			sourceTree = SOURCE_ROOT;
		};
		OBJ_23 /* Dependencies */ = {
			isa = PBXGroup;
			children = (
				OBJ_24 /* PetStore */,
			);
			name = Dependencies;
			sourceTree = "<group>";
		};
		OBJ_24 /* PetStore */ = {
			isa = PBXGroup;
			children = (
				OBJ_25 /* PetStore */,
			);
			name = PetStore;
			sourceTree = SOURCE_ROOT;
		};
		OBJ_25 /* PetStore */ = {
			isa = PBXGroup;
			children = (
				OBJ_26 /* APIs.swift */,
				OBJ_38 /* Package.swift */,
				OBJ_27 /* APIs */,
				OBJ_31 /* Models */,
				D56F784224C1947E00D64997 /* Models.swift */,
			);
			name = PetStore;
			path = Examples/Petstore/Sources/PetStore;
			sourceTree = SOURCE_ROOT;
		};
		OBJ_27 /* APIs */ = {
			isa = PBXGroup;
			children = (
				OBJ_28 /* PetAPI.swift */,
				OBJ_29 /* StoreAPI.swift */,
				OBJ_30 /* UserAPI.swift */,
			);
			path = APIs;
			sourceTree = "<group>";
		};
		OBJ_31 /* Models */ = {
			isa = PBXGroup;
			children = (
				OBJ_32 /* ApiResponse.swift */,
				OBJ_33 /* Category.swift */,
				OBJ_34 /* Order.swift */,
				OBJ_35 /* Pet.swift */,
				OBJ_36 /* Tag.swift */,
				OBJ_37 /* User.swift */,
			);
			path = Models;
			sourceTree = "<group>";
		};
		OBJ_39 /* Products */ = {
			isa = PBXGroup;
			children = (
				"APIClient::APIClientTests::Product" /* APIClientTests.xctest */,
				"PetStore::PetStore::Product" /* PetStore.framework */,
				"APIClient::APIClient::Product" /* APIClient.framework */,
			);
			name = Products;
			sourceTree = BUILT_PRODUCTS_DIR;
		};
		OBJ_5 = {
			isa = PBXGroup;
			children = (
				OBJ_6 /* Package.swift */,
				OBJ_7 /* Sources */,
				OBJ_17 /* Tests */,
				OBJ_23 /* Dependencies */,
				OBJ_39 /* Products */,
				OBJ_43 /* APIClient */,
				OBJ_44 /* APIClientTests */,
				OBJ_45 /* Pods */,
				OBJ_46 /* Examples */,
				OBJ_47 /* LICENSE */,
				OBJ_48 /* project.yml */,
				OBJ_49 /* README.md */,
				OBJ_50 /* Podfile */,
				OBJ_51 /* Podfile.lock */,
			);
			sourceTree = "<group>";
		};
		OBJ_7 /* Sources */ = {
			isa = PBXGroup;
			children = (
				OBJ_8 /* APIClient */,
			);
			name = Sources;
			sourceTree = SOURCE_ROOT;
		};
		OBJ_8 /* APIClient */ = {
			isa = PBXGroup;
			children = (
				OBJ_9 /* APIClient.h */,
				OBJ_10 /* Info.plist */,
				OBJ_11 /* Authenticator.swift */,
				OBJ_12 /* Client.swift */,
				OBJ_13 /* Configuration.swift */,
				OBJ_14 /* Interceptor.swift */,
				OBJ_15 /* Request.swift */,
				OBJ_16 /* Response.swift */,
			);
			name = APIClient;
			path = Sources/APIClient;
			sourceTree = SOURCE_ROOT;
		};
/* End PBXGroup section */

/* Begin PBXNativeTarget section */
		"APIClient::APIClient" /* APIClient */ = {
			isa = PBXNativeTarget;
			buildConfigurationList = OBJ_53 /* Build configuration list for PBXNativeTarget "APIClient" */;
			buildPhases = (
				OBJ_56 /* Sources */,
				OBJ_63 /* Frameworks */,
			);
			buildRules = (
			);
			dependencies = (
			);
			name = APIClient;
			productName = APIClient;
			productReference = "APIClient::APIClient::Product" /* APIClient.framework */;
			productType = "com.apple.product-type.framework";
		};
		"APIClient::APIClientTests" /* APIClientTests */ = {
			isa = PBXNativeTarget;
			buildConfigurationList = OBJ_76 /* Build configuration list for PBXNativeTarget "APIClientTests" */;
			buildPhases = (
				OBJ_79 /* Sources */,
				OBJ_84 /* Frameworks */,
			);
			buildRules = (
			);
			dependencies = (
				OBJ_87 /* PBXTargetDependency */,
				OBJ_89 /* PBXTargetDependency */,
			);
			name = APIClientTests;
			productName = APIClientTests;
			productReference = "APIClient::APIClientTests::Product" /* APIClientTests.xctest */;
			productType = "com.apple.product-type.bundle.unit-test";
		};
		"APIClient::SwiftPMPackageDescription" /* APIClientPackageDescription */ = {
			isa = PBXNativeTarget;
			buildConfigurationList = OBJ_65 /* Build configuration list for PBXNativeTarget "APIClientPackageDescription" */;
			buildPhases = (
				OBJ_68 /* Sources */,
			);
			buildRules = (
			);
			dependencies = (
			);
			name = APIClientPackageDescription;
			productName = APIClientPackageDescription;
			productType = "com.apple.product-type.framework";
		};
		"PetStore::PetStore" /* PetStore */ = {
			isa = PBXNativeTarget;
			buildConfigurationList = OBJ_90 /* Build configuration list for PBXNativeTarget "PetStore" */;
			buildPhases = (
				OBJ_93 /* Sources */,
				OBJ_104 /* Frameworks */,
			);
			buildRules = (
			);
			dependencies = (
			);
			name = PetStore;
			productName = PetStore;
			productReference = "PetStore::PetStore::Product" /* PetStore.framework */;
			productType = "com.apple.product-type.framework";
		};
		"PetStore::SwiftPMPackageDescription" /* PetStorePackageDescription */ = {
			isa = PBXNativeTarget;
			buildConfigurationList = OBJ_106 /* Build configuration list for PBXNativeTarget "PetStorePackageDescription" */;
			buildPhases = (
				OBJ_109 /* Sources */,
			);
			buildRules = (
			);
			dependencies = (
			);
			name = PetStorePackageDescription;
			productName = PetStorePackageDescription;
			productType = "com.apple.product-type.framework";
		};
/* End PBXNativeTarget section */

/* Begin PBXProject section */
		OBJ_1 /* Project object */ = {
			isa = PBXProject;
			attributes = {
				LastSwiftMigration = 9999;
				LastUpgradeCheck = 9999;
			};
			buildConfigurationList = OBJ_2 /* Build configuration list for PBXProject "APIClient" */;
			compatibilityVersion = "Xcode 3.2";
			developmentRegion = en;
			hasScannedForEncodings = 0;
			knownRegions = (
				en,
			);
			mainGroup = OBJ_5;
			productRefGroup = OBJ_39 /* Products */;
			projectDirPath = "";
			projectRoot = "";
			targets = (
				"APIClient::APIClient" /* APIClient */,
				"APIClient::SwiftPMPackageDescription" /* APIClientPackageDescription */,
				"APIClient::APIClientPackageTests::ProductTarget" /* APIClientPackageTests */,
				"APIClient::APIClientTests" /* APIClientTests */,
				"PetStore::PetStore" /* PetStore */,
				"PetStore::SwiftPMPackageDescription" /* PetStorePackageDescription */,
			);
		};
/* End PBXProject section */

/* Begin PBXSourcesBuildPhase section */
		OBJ_109 /* Sources */ = {
			isa = PBXSourcesBuildPhase;
			buildActionMask = 0;
			files = (
				OBJ_110 /* Package.swift in Sources */,
			);
			runOnlyForDeploymentPostprocessing = 0;
		};
		OBJ_56 /* Sources */ = {
			isa = PBXSourcesBuildPhase;
			buildActionMask = 0;
			files = (
				OBJ_57 /* Authenticator.swift in Sources */,
				OBJ_58 /* Client.swift in Sources */,
				OBJ_59 /* Configuration.swift in Sources */,
				OBJ_60 /* Interceptor.swift in Sources */,
				OBJ_61 /* Request.swift in Sources */,
				OBJ_62 /* Response.swift in Sources */,
			);
			runOnlyForDeploymentPostprocessing = 0;
		};
		OBJ_68 /* Sources */ = {
			isa = PBXSourcesBuildPhase;
			buildActionMask = 0;
			files = (
				OBJ_69 /* Package.swift in Sources */,
			);
			runOnlyForDeploymentPostprocessing = 0;
		};
		OBJ_79 /* Sources */ = {
			isa = PBXSourcesBuildPhase;
			buildActionMask = 0;
			files = (
				OBJ_80 /* APIClientTests.swift in Sources */,
				OBJ_81 /* Logger.swift in Sources */,
				OBJ_82 /* RequestBuilder.swift in Sources */,
				OBJ_83 /* XCTestManifests.swift in Sources */,
			);
			runOnlyForDeploymentPostprocessing = 0;
		};
		OBJ_93 /* Sources */ = {
			isa = PBXSourcesBuildPhase;
			buildActionMask = 0;
			files = (
				D56F784424C1978B00D64997 /* Models.swift in Sources */,
				OBJ_94 /* APIs.swift in Sources */,
				OBJ_95 /* PetAPI.swift in Sources */,
				OBJ_96 /* StoreAPI.swift in Sources */,
				OBJ_97 /* UserAPI.swift in Sources */,
				OBJ_98 /* ApiResponse.swift in Sources */,
				OBJ_99 /* Category.swift in Sources */,
				OBJ_100 /* Order.swift in Sources */,
				OBJ_101 /* Pet.swift in Sources */,
				OBJ_102 /* Tag.swift in Sources */,
				OBJ_103 /* User.swift in Sources */,
			);
			runOnlyForDeploymentPostprocessing = 0;
		};
/* End PBXSourcesBuildPhase section */

/* Begin PBXTargetDependency section */
		OBJ_74 /* PBXTargetDependency */ = {
			isa = PBXTargetDependency;
			target = "APIClient::APIClientTests" /* APIClientTests */;
			targetProxy = D56F784124C064A100D64997 /* PBXContainerItemProxy */;
		};
		OBJ_87 /* PBXTargetDependency */ = {
			isa = PBXTargetDependency;
			target = "PetStore::PetStore" /* PetStore */;
			targetProxy = D56F783D24C0647800D64997 /* PBXContainerItemProxy */;
		};
		OBJ_89 /* PBXTargetDependency */ = {
			isa = PBXTargetDependency;
			target = "APIClient::APIClient" /* APIClient */;
			targetProxy = D56F783E24C0647800D64997 /* PBXContainerItemProxy */;
		};
/* End PBXTargetDependency section */

/* Begin XCBuildConfiguration section */
		OBJ_107 /* Debug */ = {
			isa = XCBuildConfiguration;
			buildSettings = {
				LD = /usr/bin/true;
				OTHER_SWIFT_FLAGS = "-swift-version 5 -I $(TOOLCHAIN_DIR)/usr/lib/swift/pm/4_2 -target x86_64-apple-macosx10.10 -sdk /Applications/Xcode.app/Contents/Developer/Platforms/MacOSX.platform/Developer/SDKs/MacOSX10.15.sdk -package-description-version 5.1";
				SWIFT_VERSION = 5.0;
			};
			name = Debug;
		};
		OBJ_108 /* Release */ = {
			isa = XCBuildConfiguration;
			buildSettings = {
				LD = /usr/bin/true;
				OTHER_SWIFT_FLAGS = "-swift-version 5 -I $(TOOLCHAIN_DIR)/usr/lib/swift/pm/4_2 -target x86_64-apple-macosx10.10 -sdk /Applications/Xcode.app/Contents/Developer/Platforms/MacOSX.platform/Developer/SDKs/MacOSX10.15.sdk -package-description-version 5.1";
				SWIFT_VERSION = 5.0;
			};
			name = Release;
		};
		OBJ_3 /* Debug */ = {
			isa = XCBuildConfiguration;
			buildSettings = {
				CLANG_ENABLE_OBJC_ARC = YES;
				COMBINE_HIDPI_IMAGES = YES;
				COPY_PHASE_STRIP = NO;
				DEBUG_INFORMATION_FORMAT = dwarf;
				DYLIB_INSTALL_NAME_BASE = "@rpath";
				ENABLE_NS_ASSERTIONS = YES;
				GCC_OPTIMIZATION_LEVEL = 0;
				GCC_PREPROCESSOR_DEFINITIONS = (
					"$(inherited)",
					"SWIFT_PACKAGE=1",
					"DEBUG=1",
				);
				MACOSX_DEPLOYMENT_TARGET = 10.10;
				ONLY_ACTIVE_ARCH = YES;
				OTHER_SWIFT_FLAGS = "$(inherited) -DXcode";
				PRODUCT_NAME = "$(TARGET_NAME)";
				SDKROOT = macosx;
				SUPPORTED_PLATFORMS = "macosx iphoneos iphonesimulator appletvos appletvsimulator watchos watchsimulator";
				SWIFT_ACTIVE_COMPILATION_CONDITIONS = "$(inherited) SWIFT_PACKAGE DEBUG";
				SWIFT_OPTIMIZATION_LEVEL = "-Onone";
				USE_HEADERMAP = NO;
			};
			name = Debug;
		};
		OBJ_4 /* Release */ = {
			isa = XCBuildConfiguration;
			buildSettings = {
				CLANG_ENABLE_OBJC_ARC = YES;
				COMBINE_HIDPI_IMAGES = YES;
				COPY_PHASE_STRIP = YES;
				DEBUG_INFORMATION_FORMAT = "dwarf-with-dsym";
				DYLIB_INSTALL_NAME_BASE = "@rpath";
				GCC_OPTIMIZATION_LEVEL = s;
				GCC_PREPROCESSOR_DEFINITIONS = (
					"$(inherited)",
					"SWIFT_PACKAGE=1",
				);
				MACOSX_DEPLOYMENT_TARGET = 10.10;
				OTHER_SWIFT_FLAGS = "$(inherited) -DXcode";
				PRODUCT_NAME = "$(TARGET_NAME)";
				SDKROOT = macosx;
				SUPPORTED_PLATFORMS = "macosx iphoneos iphonesimulator appletvos appletvsimulator watchos watchsimulator";
				SWIFT_ACTIVE_COMPILATION_CONDITIONS = "$(inherited) SWIFT_PACKAGE";
				SWIFT_OPTIMIZATION_LEVEL = "-Owholemodule";
				USE_HEADERMAP = NO;
			};
			name = Release;
		};
		OBJ_54 /* Debug */ = {
			isa = XCBuildConfiguration;
			buildSettings = {
				ENABLE_TESTABILITY = YES;
				FRAMEWORK_SEARCH_PATHS = (
					"$(inherited)",
					"$(PLATFORM_DIR)/Developer/Library/Frameworks",
				);
				HEADER_SEARCH_PATHS = "$(inherited)";
				INFOPLIST_FILE = APIClient.xcodeproj/APIClient_Info.plist;
				IPHONEOS_DEPLOYMENT_TARGET = 13.0;
				LD_RUNPATH_SEARCH_PATHS = "$(inherited) $(TOOLCHAIN_DIR)/usr/lib/swift/macosx";
				MACOSX_DEPLOYMENT_TARGET = 10.15;
				OTHER_CFLAGS = "$(inherited)";
				OTHER_LDFLAGS = "$(inherited)";
				OTHER_SWIFT_FLAGS = "$(inherited)";
				PRODUCT_BUNDLE_IDENTIFIER = APIClient;
				PRODUCT_MODULE_NAME = "$(TARGET_NAME:c99extidentifier)";
				PRODUCT_NAME = "$(TARGET_NAME:c99extidentifier)";
				SKIP_INSTALL = YES;
				SWIFT_ACTIVE_COMPILATION_CONDITIONS = "$(inherited)";
				SWIFT_VERSION = 5.0;
				TARGET_NAME = APIClient;
				TVOS_DEPLOYMENT_TARGET = 13.0;
				WATCHOS_DEPLOYMENT_TARGET = 6.0;
			};
			name = Debug;
		};
		OBJ_55 /* Release */ = {
			isa = XCBuildConfiguration;
			buildSettings = {
				ENABLE_TESTABILITY = YES;
				FRAMEWORK_SEARCH_PATHS = (
					"$(inherited)",
					"$(PLATFORM_DIR)/Developer/Library/Frameworks",
				);
				HEADER_SEARCH_PATHS = "$(inherited)";
				INFOPLIST_FILE = APIClient.xcodeproj/APIClient_Info.plist;
				IPHONEOS_DEPLOYMENT_TARGET = 13.0;
				LD_RUNPATH_SEARCH_PATHS = "$(inherited) $(TOOLCHAIN_DIR)/usr/lib/swift/macosx";
				MACOSX_DEPLOYMENT_TARGET = 10.15;
				OTHER_CFLAGS = "$(inherited)";
				OTHER_LDFLAGS = "$(inherited)";
				OTHER_SWIFT_FLAGS = "$(inherited)";
				PRODUCT_BUNDLE_IDENTIFIER = APIClient;
				PRODUCT_MODULE_NAME = "$(TARGET_NAME:c99extidentifier)";
				PRODUCT_NAME = "$(TARGET_NAME:c99extidentifier)";
				SKIP_INSTALL = YES;
				SWIFT_ACTIVE_COMPILATION_CONDITIONS = "$(inherited)";
				SWIFT_VERSION = 5.0;
				TARGET_NAME = APIClient;
				TVOS_DEPLOYMENT_TARGET = 13.0;
				WATCHOS_DEPLOYMENT_TARGET = 6.0;
			};
			name = Release;
		};
		OBJ_66 /* Debug */ = {
			isa = XCBuildConfiguration;
			buildSettings = {
				LD = /usr/bin/true;
				OTHER_SWIFT_FLAGS = "-swift-version 5 -I $(TOOLCHAIN_DIR)/usr/lib/swift/pm/4_2 -target x86_64-apple-macosx10.10 -sdk /Applications/Xcode.app/Contents/Developer/Platforms/MacOSX.platform/Developer/SDKs/MacOSX10.15.sdk -package-description-version 5.1";
				SWIFT_VERSION = 5.0;
			};
			name = Debug;
		};
		OBJ_67 /* Release */ = {
			isa = XCBuildConfiguration;
			buildSettings = {
				LD = /usr/bin/true;
				OTHER_SWIFT_FLAGS = "-swift-version 5 -I $(TOOLCHAIN_DIR)/usr/lib/swift/pm/4_2 -target x86_64-apple-macosx10.10 -sdk /Applications/Xcode.app/Contents/Developer/Platforms/MacOSX.platform/Developer/SDKs/MacOSX10.15.sdk -package-description-version 5.1";
				SWIFT_VERSION = 5.0;
			};
			name = Release;
		};
		OBJ_72 /* Debug */ = {
			isa = XCBuildConfiguration;
			buildSettings = {
			};
			name = Debug;
		};
		OBJ_73 /* Release */ = {
			isa = XCBuildConfiguration;
			buildSettings = {
			};
			name = Release;
		};
		OBJ_77 /* Debug */ = {
			isa = XCBuildConfiguration;
			buildSettings = {
				CLANG_ENABLE_MODULES = YES;
				EMBEDDED_CONTENT_CONTAINS_SWIFT = YES;
				FRAMEWORK_SEARCH_PATHS = (
					"$(inherited)",
					"$(PLATFORM_DIR)/Developer/Library/Frameworks",
				);
				HEADER_SEARCH_PATHS = "$(inherited)";
				INFOPLIST_FILE = APIClient.xcodeproj/APIClientTests_Info.plist;
				IPHONEOS_DEPLOYMENT_TARGET = 13.0;
				LD_RUNPATH_SEARCH_PATHS = "$(inherited) @loader_path/../Frameworks @loader_path/Frameworks";
				MACOSX_DEPLOYMENT_TARGET = 10.15;
				OTHER_CFLAGS = "$(inherited)";
				OTHER_LDFLAGS = "$(inherited)";
				OTHER_SWIFT_FLAGS = "$(inherited)";
				SWIFT_ACTIVE_COMPILATION_CONDITIONS = "$(inherited)";
				SWIFT_VERSION = 5.0;
				TARGET_NAME = APIClientTests;
				TVOS_DEPLOYMENT_TARGET = 13.0;
				WATCHOS_DEPLOYMENT_TARGET = 6.0;
			};
			name = Debug;
		};
		OBJ_78 /* Release */ = {
			isa = XCBuildConfiguration;
			buildSettings = {
				CLANG_ENABLE_MODULES = YES;
				EMBEDDED_CONTENT_CONTAINS_SWIFT = YES;
				FRAMEWORK_SEARCH_PATHS = (
					"$(inherited)",
					"$(PLATFORM_DIR)/Developer/Library/Frameworks",
				);
				HEADER_SEARCH_PATHS = "$(inherited)";
				INFOPLIST_FILE = APIClient.xcodeproj/APIClientTests_Info.plist;
				IPHONEOS_DEPLOYMENT_TARGET = 13.0;
				LD_RUNPATH_SEARCH_PATHS = "$(inherited) @loader_path/../Frameworks @loader_path/Frameworks";
				MACOSX_DEPLOYMENT_TARGET = 10.15;
				OTHER_CFLAGS = "$(inherited)";
				OTHER_LDFLAGS = "$(inherited)";
				OTHER_SWIFT_FLAGS = "$(inherited)";
				SWIFT_ACTIVE_COMPILATION_CONDITIONS = "$(inherited)";
				SWIFT_VERSION = 5.0;
				TARGET_NAME = APIClientTests;
				TVOS_DEPLOYMENT_TARGET = 13.0;
				WATCHOS_DEPLOYMENT_TARGET = 6.0;
			};
			name = Release;
		};
		OBJ_91 /* Debug */ = {
			isa = XCBuildConfiguration;
			buildSettings = {
				ENABLE_TESTABILITY = YES;
				FRAMEWORK_SEARCH_PATHS = (
					"$(inherited)",
					"$(PLATFORM_DIR)/Developer/Library/Frameworks",
				);
				HEADER_SEARCH_PATHS = "$(inherited)";
				INFOPLIST_FILE = APIClient.xcodeproj/PetStore_Info.plist;
				IPHONEOS_DEPLOYMENT_TARGET = 13.0;
				LD_RUNPATH_SEARCH_PATHS = "$(inherited) $(TOOLCHAIN_DIR)/usr/lib/swift/macosx";
				MACOSX_DEPLOYMENT_TARGET = 10.15;
				OTHER_CFLAGS = "$(inherited)";
				OTHER_LDFLAGS = "$(inherited)";
				OTHER_SWIFT_FLAGS = "$(inherited)";
				PRODUCT_BUNDLE_IDENTIFIER = PetStore;
				PRODUCT_MODULE_NAME = "$(TARGET_NAME:c99extidentifier)";
				PRODUCT_NAME = "$(TARGET_NAME:c99extidentifier)";
				SKIP_INSTALL = YES;
				SWIFT_ACTIVE_COMPILATION_CONDITIONS = "$(inherited)";
				SWIFT_VERSION = 5.0;
				TARGET_NAME = PetStore;
				TVOS_DEPLOYMENT_TARGET = 13.0;
				WATCHOS_DEPLOYMENT_TARGET = 6.0;
			};
			name = Debug;
		};
		OBJ_92 /* Release */ = {
			isa = XCBuildConfiguration;
			buildSettings = {
				ENABLE_TESTABILITY = YES;
				FRAMEWORK_SEARCH_PATHS = (
					"$(inherited)",
					"$(PLATFORM_DIR)/Developer/Library/Frameworks",
				);
				HEADER_SEARCH_PATHS = "$(inherited)";
				INFOPLIST_FILE = APIClient.xcodeproj/PetStore_Info.plist;
				IPHONEOS_DEPLOYMENT_TARGET = 13.0;
				LD_RUNPATH_SEARCH_PATHS = "$(inherited) $(TOOLCHAIN_DIR)/usr/lib/swift/macosx";
				MACOSX_DEPLOYMENT_TARGET = 10.15;
				OTHER_CFLAGS = "$(inherited)";
				OTHER_LDFLAGS = "$(inherited)";
				OTHER_SWIFT_FLAGS = "$(inherited)";
				PRODUCT_BUNDLE_IDENTIFIER = PetStore;
				PRODUCT_MODULE_NAME = "$(TARGET_NAME:c99extidentifier)";
				PRODUCT_NAME = "$(TARGET_NAME:c99extidentifier)";
				SKIP_INSTALL = YES;
				SWIFT_ACTIVE_COMPILATION_CONDITIONS = "$(inherited)";
				SWIFT_VERSION = 5.0;
				TARGET_NAME = PetStore;
				TVOS_DEPLOYMENT_TARGET = 13.0;
				WATCHOS_DEPLOYMENT_TARGET = 6.0;
			};
			name = Release;
		};
/* End XCBuildConfiguration section */

/* Begin XCConfigurationList section */
		OBJ_106 /* Build configuration list for PBXNativeTarget "PetStorePackageDescription" */ = {
			isa = XCConfigurationList;
			buildConfigurations = (
				OBJ_107 /* Debug */,
				OBJ_108 /* Release */,
			);
			defaultConfigurationIsVisible = 0;
			defaultConfigurationName = Release;
		};
		OBJ_2 /* Build configuration list for PBXProject "APIClient" */ = {
			isa = XCConfigurationList;
			buildConfigurations = (
				OBJ_3 /* Debug */,
				OBJ_4 /* Release */,
			);
			defaultConfigurationIsVisible = 0;
			defaultConfigurationName = Release;
		};
		OBJ_53 /* Build configuration list for PBXNativeTarget "APIClient" */ = {
			isa = XCConfigurationList;
			buildConfigurations = (
				OBJ_54 /* Debug */,
				OBJ_55 /* Release */,
			);
			defaultConfigurationIsVisible = 0;
			defaultConfigurationName = Release;
		};
		OBJ_65 /* Build configuration list for PBXNativeTarget "APIClientPackageDescription" */ = {
			isa = XCConfigurationList;
			buildConfigurations = (
				OBJ_66 /* Debug */,
				OBJ_67 /* Release */,
			);
			defaultConfigurationIsVisible = 0;
			defaultConfigurationName = Release;
		};
		OBJ_71 /* Build configuration list for PBXAggregateTarget "APIClientPackageTests" */ = {
			isa = XCConfigurationList;
			buildConfigurations = (
				OBJ_72 /* Debug */,
				OBJ_73 /* Release */,
			);
			defaultConfigurationIsVisible = 0;
			defaultConfigurationName = Release;
		};
		OBJ_76 /* Build configuration list for PBXNativeTarget "APIClientTests" */ = {
			isa = XCConfigurationList;
			buildConfigurations = (
				OBJ_77 /* Debug */,
				OBJ_78 /* Release */,
			);
			defaultConfigurationIsVisible = 0;
			defaultConfigurationName = Release;
		};
		OBJ_90 /* Build configuration list for PBXNativeTarget "PetStore" */ = {
			isa = XCConfigurationList;
			buildConfigurations = (
				OBJ_91 /* Debug */,
				OBJ_92 /* Release */,
			);
			defaultConfigurationIsVisible = 0;
			defaultConfigurationName = Release;
		};
/* End XCConfigurationList section */
	};
	rootObject = OBJ_1 /* Project object */;
}
