// !$*UTF8*$!
{
	archiveVersion = 1;
	classes = {
	};
	objectVersion = 51;
	objects = {

/* Begin PBXBuildFile section */
		1B2BF066669D4B73B095B623 /* Pods_APIClientTests.framework in Frameworks */ = {isa = PBXBuildFile; fileRef = 24DFC604A52C1C9BC4AC8A5D /* Pods_APIClientTests.framework */; };
		3BDBABE7890E76A32E46197E /* Interceptor.swift in Sources */ = {isa = PBXBuildFile; fileRef = E9C7AA0C63EED9ACD975AB91 /* Interceptor.swift */; };
		437CECDBE57A82BA352DAD47 /* APIClientTests.swift in Sources */ = {isa = PBXBuildFile; fileRef = 8ED83C19588686F1ADE51975 /* APIClientTests.swift */; };
		614EA7A35DD6D14983F50402 /* APIClient.h in Headers */ = {isa = PBXBuildFile; fileRef = 5C9FEAA9C231A7A4AB1276E6 /* APIClient.h */; settings = {ATTRIBUTES = (Public, ); }; };
		72E7B320CFDB31468B4E59CC /* Authenticator.swift in Sources */ = {isa = PBXBuildFile; fileRef = 57CF16A4EA99C170A0FA07F5 /* Authenticator.swift */; };
		8983FA4BBACA35C5BE35AFC7 /* Client.swift in Sources */ = {isa = PBXBuildFile; fileRef = FD2019E0E97A7194036C963A /* Client.swift */; };
		95F4287D1B3B043D2E8ADD83 /* Request.swift in Sources */ = {isa = PBXBuildFile; fileRef = C6B981F6B9DC074B3BAF22C5 /* Request.swift */; };
		A710B34CA18A27C8B90BF2C3 /* Response.swift in Sources */ = {isa = PBXBuildFile; fileRef = 8BEFCFE90155B7F484FC8FF8 /* Response.swift */; };
		B9B842A16603A05606A9E53F /* Configuration.swift in Sources */ = {isa = PBXBuildFile; fileRef = D4AF39D353425E0ED3889C3A /* Configuration.swift */; };
		D351210B08AA1E8887275B3A /* RequestBuilder.swift in Sources */ = {isa = PBXBuildFile; fileRef = 3CE0E950C18DEF9883DE9CF0 /* RequestBuilder.swift */; };
		DE0C1358C6A80B9164E20E45 /* Pods_APIClient.framework in Frameworks */ = {isa = PBXBuildFile; fileRef = C913EBE06AA827054CF05041 /* Pods_APIClient.framework */; };
		F6D2F20DE2DE50306E020693 /* Logger.swift in Sources */ = {isa = PBXBuildFile; fileRef = 592D6DB64C69D77E5F4AED41 /* Logger.swift */; };
/* End PBXBuildFile section */

/* Begin PBXFileReference section */
		04861B9DB971712541D59D43 /* Pods-APIClient.release.xcconfig */ = {isa = PBXFileReference; lastKnownFileType = text.xcconfig; path = "Pods-APIClient.release.xcconfig"; sourceTree = "<group>"; };
		24DFC604A52C1C9BC4AC8A5D /* Pods_APIClientTests.framework */ = {isa = PBXFileReference; explicitFileType = wrapper.framework; includeInIndex = 0; path = Pods_APIClientTests.framework; sourceTree = BUILT_PRODUCTS_DIR; };
		27C03F3502B0064CFB114B35 /* Pods-APIClientTests.debug.xcconfig */ = {isa = PBXFileReference; includeInIndex = 1; lastKnownFileType = text.xcconfig; name = "Pods-APIClientTests.debug.xcconfig"; path = "Target Support Files/Pods-APIClientTests/Pods-APIClientTests.debug.xcconfig"; sourceTree = "<group>"; };
		3CE0E950C18DEF9883DE9CF0 /* RequestBuilder.swift */ = {isa = PBXFileReference; lastKnownFileType = sourcecode.swift; path = RequestBuilder.swift; sourceTree = "<group>"; };
		43A515822D5852FA957350C8 /* Pods-APIClientTests.debug.xcconfig */ = {isa = PBXFileReference; lastKnownFileType = text.xcconfig; path = "Pods-APIClientTests.debug.xcconfig"; sourceTree = "<group>"; };
		44CB63F22696C681E0C598DC /* Info.plist */ = {isa = PBXFileReference; lastKnownFileType = text.plist.xml; path = Info.plist; sourceTree = "<group>"; };
		57CF16A4EA99C170A0FA07F5 /* Authenticator.swift */ = {isa = PBXFileReference; lastKnownFileType = sourcecode.swift; path = Authenticator.swift; sourceTree = "<group>"; };
		592D6DB64C69D77E5F4AED41 /* Logger.swift */ = {isa = PBXFileReference; lastKnownFileType = sourcecode.swift; path = Logger.swift; sourceTree = "<group>"; };
		5C9FEAA9C231A7A4AB1276E6 /* APIClient.h */ = {isa = PBXFileReference; lastKnownFileType = sourcecode.c.h; path = APIClient.h; sourceTree = "<group>"; };
		680B13567D5A3FA3BA6E3861 /* Info.plist */ = {isa = PBXFileReference; lastKnownFileType = text.plist.xml; path = Info.plist; sourceTree = "<group>"; };
		8BEFCFE90155B7F484FC8FF8 /* Response.swift */ = {isa = PBXFileReference; lastKnownFileType = sourcecode.swift; path = Response.swift; sourceTree = "<group>"; };
		8ED83C19588686F1ADE51975 /* APIClientTests.swift */ = {isa = PBXFileReference; lastKnownFileType = sourcecode.swift; path = APIClientTests.swift; sourceTree = "<group>"; };
		9437B2ED33C0F555E36BA993 /* Pods-APIClient.debug.xcconfig */ = {isa = PBXFileReference; lastKnownFileType = text.xcconfig; path = "Pods-APIClient.debug.xcconfig"; sourceTree = "<group>"; };
		A569A90AE7BB7108C0F0103B /* APIClient.framework */ = {isa = PBXFileReference; explicitFileType = wrapper.framework; includeInIndex = 0; path = APIClient.framework; sourceTree = BUILT_PRODUCTS_DIR; };
		B8246B43936EA26D15D658FB /* Pods-APIClient.debug.xcconfig */ = {isa = PBXFileReference; includeInIndex = 1; lastKnownFileType = text.xcconfig; name = "Pods-APIClient.debug.xcconfig"; path = "Target Support Files/Pods-APIClient/Pods-APIClient.debug.xcconfig"; sourceTree = "<group>"; };
		BD8BB34DC839D98EE6D93879 /* Pods-APIClient.release.xcconfig */ = {isa = PBXFileReference; includeInIndex = 1; lastKnownFileType = text.xcconfig; name = "Pods-APIClient.release.xcconfig"; path = "Target Support Files/Pods-APIClient/Pods-APIClient.release.xcconfig"; sourceTree = "<group>"; };
		C6B981F6B9DC074B3BAF22C5 /* Request.swift */ = {isa = PBXFileReference; lastKnownFileType = sourcecode.swift; path = Request.swift; sourceTree = "<group>"; };
		C913EBE06AA827054CF05041 /* Pods_APIClient.framework */ = {isa = PBXFileReference; explicitFileType = wrapper.framework; includeInIndex = 0; path = Pods_APIClient.framework; sourceTree = BUILT_PRODUCTS_DIR; };
		D4AF39D353425E0ED3889C3A /* Configuration.swift */ = {isa = PBXFileReference; lastKnownFileType = sourcecode.swift; path = Configuration.swift; sourceTree = "<group>"; };
		E28693BDD39E18BC5D44CF9B /* APIClientTests.xctest */ = {isa = PBXFileReference; includeInIndex = 0; lastKnownFileType = wrapper.cfbundle; path = APIClientTests.xctest; sourceTree = BUILT_PRODUCTS_DIR; };
		E772DC858E52C56C2F759BE0 /* Pods-APIClientTests.release.xcconfig */ = {isa = PBXFileReference; includeInIndex = 1; lastKnownFileType = text.xcconfig; name = "Pods-APIClientTests.release.xcconfig"; path = "Target Support Files/Pods-APIClientTests/Pods-APIClientTests.release.xcconfig"; sourceTree = "<group>"; };
		E9C7AA0C63EED9ACD975AB91 /* Interceptor.swift */ = {isa = PBXFileReference; lastKnownFileType = sourcecode.swift; path = Interceptor.swift; sourceTree = "<group>"; };
		F188011C49F2AB2F0C0929BB /* Pods-APIClientTests.release.xcconfig */ = {isa = PBXFileReference; lastKnownFileType = text.xcconfig; path = "Pods-APIClientTests.release.xcconfig"; sourceTree = "<group>"; };
		FD2019E0E97A7194036C963A /* Client.swift */ = {isa = PBXFileReference; lastKnownFileType = sourcecode.swift; path = Client.swift; sourceTree = "<group>"; };
/* End PBXFileReference section */

/* Begin PBXFrameworksBuildPhase section */
		8485EC3AAB58BA9254B171A5 /* Frameworks */ = {
			isa = PBXFrameworksBuildPhase;
			buildActionMask = 2147483647;
			files = (
				DE0C1358C6A80B9164E20E45 /* Pods_APIClient.framework in Frameworks */,
			);
			runOnlyForDeploymentPostprocessing = 0;
		};
		B70B7CE36F0CF1AFFF352D50 /* Frameworks */ = {
			isa = PBXFrameworksBuildPhase;
			buildActionMask = 2147483647;
			files = (
				1B2BF066669D4B73B095B623 /* Pods_APIClientTests.framework in Frameworks */,
			);
			runOnlyForDeploymentPostprocessing = 0;
		};
/* End PBXFrameworksBuildPhase section */

/* Begin PBXGroup section */
		179D20C067A659E548194B19 /* Frameworks */ = {
			isa = PBXGroup;
			children = (
				C913EBE06AA827054CF05041 /* Pods_APIClient.framework */,
				24DFC604A52C1C9BC4AC8A5D /* Pods_APIClientTests.framework */,
			);
			name = Frameworks;
			sourceTree = "<group>";
		};
		29C966B6A76CAA091A747C28 /* Pods-APIClientTests */ = {
			isa = PBXGroup;
			children = (
				43A515822D5852FA957350C8 /* Pods-APIClientTests.debug.xcconfig */,
				F188011C49F2AB2F0C0929BB /* Pods-APIClientTests.release.xcconfig */,
			);
			name = "Pods-APIClientTests";
			path = "Pods/Target Support Files/Pods-APIClientTests";
			sourceTree = "<group>";
		};
		32798DAA6F48241A1B27E845 /* APIClient */ = {
			isa = PBXGroup;
			children = (
				5C9FEAA9C231A7A4AB1276E6 /* APIClient.h */,
				57CF16A4EA99C170A0FA07F5 /* Authenticator.swift */,
				FD2019E0E97A7194036C963A /* Client.swift */,
				D4AF39D353425E0ED3889C3A /* Configuration.swift */,
				680B13567D5A3FA3BA6E3861 /* Info.plist */,
				E9C7AA0C63EED9ACD975AB91 /* Interceptor.swift */,
				C6B981F6B9DC074B3BAF22C5 /* Request.swift */,
				8BEFCFE90155B7F484FC8FF8 /* Response.swift */,
			);
			path = APIClient;
			sourceTree = "<group>";
		};
		3C7AA2F225E47127D28E5684 /* Pods */ = {
			isa = PBXGroup;
			children = (
				B8246B43936EA26D15D658FB /* Pods-APIClient.debug.xcconfig */,
				BD8BB34DC839D98EE6D93879 /* Pods-APIClient.release.xcconfig */,
				27C03F3502B0064CFB114B35 /* Pods-APIClientTests.debug.xcconfig */,
				E772DC858E52C56C2F759BE0 /* Pods-APIClientTests.release.xcconfig */,
			);
			name = Pods;
			path = Pods;
			sourceTree = "<group>";
		};
		9F29A7577C7083D7D8AE777D /* Pods-APIClient */ = {
			isa = PBXGroup;
			children = (
				9437B2ED33C0F555E36BA993 /* Pods-APIClient.debug.xcconfig */,
				04861B9DB971712541D59D43 /* Pods-APIClient.release.xcconfig */,
			);
			name = "Pods-APIClient";
			path = "Pods/Target Support Files/Pods-APIClient";
			sourceTree = "<group>";
		};
		C59672709868D927AC777C9C = {
			isa = PBXGroup;
			children = (
				32798DAA6F48241A1B27E845 /* APIClient */,
				F3DB760B71FCA197EDA74B64 /* APIClientTests */,
				9F29A7577C7083D7D8AE777D /* Pods-APIClient */,
				29C966B6A76CAA091A747C28 /* Pods-APIClientTests */,
				F499549A887808DC1E90337B /* Products */,
				3C7AA2F225E47127D28E5684 /* Pods */,
				179D20C067A659E548194B19 /* Frameworks */,
			);
			sourceTree = "<group>";
		};
		F3DB760B71FCA197EDA74B64 /* APIClientTests */ = {
			isa = PBXGroup;
			children = (
				8ED83C19588686F1ADE51975 /* APIClientTests.swift */,
				44CB63F22696C681E0C598DC /* Info.plist */,
				592D6DB64C69D77E5F4AED41 /* Logger.swift */,
				3CE0E950C18DEF9883DE9CF0 /* RequestBuilder.swift */,
			);
			path = APIClientTests;
			sourceTree = "<group>";
		};
		F499549A887808DC1E90337B /* Products */ = {
			isa = PBXGroup;
			children = (
				A569A90AE7BB7108C0F0103B /* APIClient.framework */,
				E28693BDD39E18BC5D44CF9B /* APIClientTests.xctest */,
			);
			name = Products;
			sourceTree = "<group>";
		};
/* End PBXGroup section */

/* Begin PBXHeadersBuildPhase section */
		09D87BA6060C7EAD3BD8FA4F /* Headers */ = {
			isa = PBXHeadersBuildPhase;
			buildActionMask = 2147483647;
			files = (
				614EA7A35DD6D14983F50402 /* APIClient.h in Headers */,
			);
			runOnlyForDeploymentPostprocessing = 0;
		};
/* End PBXHeadersBuildPhase section */

/* Begin PBXNativeTarget section */
		6D42A85B09075F20C3633E24 /* APIClient */ = {
			isa = PBXNativeTarget;
			buildConfigurationList = 089EC610EC2EB22AE7011C9E /* Build configuration list for PBXNativeTarget "APIClient" */;
			buildPhases = (
				413F43D414740E162356CF60 /* [CP] Check Pods Manifest.lock */,
				09D87BA6060C7EAD3BD8FA4F /* Headers */,
				6B9559AF93C7EB95B534E7E7 /* Sources */,
				8485EC3AAB58BA9254B171A5 /* Frameworks */,
			);
			buildRules = (
			);
			dependencies = (
			);
			name = APIClient;
			productName = APIClient;
			productReference = A569A90AE7BB7108C0F0103B /* APIClient.framework */;
			productType = "com.apple.product-type.framework";
		};
		79F879EBDBDBD7F894E0FE6A /* APIClientTests */ = {
			isa = PBXNativeTarget;
			buildConfigurationList = CC2DC059F4FE050BFB6D37F4 /* Build configuration list for PBXNativeTarget "APIClientTests" */;
			buildPhases = (
				8164DA3BD4FF538261DA0384 /* [CP] Check Pods Manifest.lock */,
				F41F265F7CB546BAB7685A20 /* Sources */,
				B70B7CE36F0CF1AFFF352D50 /* Frameworks */,
				CAA6CDCC3B6D016731E338A7 /* [CP] Embed Pods Frameworks */,
			);
			buildRules = (
			);
			dependencies = (
			);
			name = APIClientTests;
			productName = APIClientTests;
			productReference = E28693BDD39E18BC5D44CF9B /* APIClientTests.xctest */;
			productType = "com.apple.product-type.bundle.unit-test";
		};
/* End PBXNativeTarget section */

/* Begin PBXProject section */
		872B15FCC4094C4C28173E9E /* Project object */ = {
			isa = PBXProject;
			attributes = {
				LastUpgradeCheck = 1020;
				ORGANIZATIONNAME = "Daiki Matsudate";
			};
			buildConfigurationList = F6B03715F24E95B418621003 /* Build configuration list for PBXProject "APIClient" */;
			compatibilityVersion = "Xcode 10.0";
			developmentRegion = en;
			hasScannedForEncodings = 0;
			knownRegions = (
				en,
			);
			mainGroup = C59672709868D927AC777C9C;
			productRefGroup = F499549A887808DC1E90337B /* Products */;
			projectDirPath = "";
			projectRoot = "";
			targets = (
				6D42A85B09075F20C3633E24 /* APIClient */,
				79F879EBDBDBD7F894E0FE6A /* APIClientTests */,
			);
		};
/* End PBXProject section */

/* Begin PBXShellScriptBuildPhase section */
		413F43D414740E162356CF60 /* [CP] Check Pods Manifest.lock */ = {
			isa = PBXShellScriptBuildPhase;
			buildActionMask = 2147483647;
			files = (
			);
			inputFileListPaths = (
			);
			inputPaths = (
				"${PODS_PODFILE_DIR_PATH}/Podfile.lock",
				"${PODS_ROOT}/Manifest.lock",
			);
			name = "[CP] Check Pods Manifest.lock";
			outputFileListPaths = (
			);
			outputPaths = (
				"$(DERIVED_FILE_DIR)/Pods-APIClient-checkManifestLockResult.txt",
			);
			runOnlyForDeploymentPostprocessing = 0;
			shellPath = /bin/sh;
			shellScript = "diff \"${PODS_PODFILE_DIR_PATH}/Podfile.lock\" \"${PODS_ROOT}/Manifest.lock\" > /dev/null\nif [ $? != 0 ] ; then\n    # print error to STDERR\n    echo \"error: The sandbox is not in sync with the Podfile.lock. Run 'pod install' or update your CocoaPods installation.\" >&2\n    exit 1\nfi\n# This output is used by Xcode 'outputs' to avoid re-running this script phase.\necho \"SUCCESS\" > \"${SCRIPT_OUTPUT_FILE_0}\"\n";
			showEnvVarsInLog = 0;
		};
		8164DA3BD4FF538261DA0384 /* [CP] Check Pods Manifest.lock */ = {
			isa = PBXShellScriptBuildPhase;
			buildActionMask = 2147483647;
			files = (
			);
			inputFileListPaths = (
			);
			inputPaths = (
				"${PODS_PODFILE_DIR_PATH}/Podfile.lock",
				"${PODS_ROOT}/Manifest.lock",
			);
			name = "[CP] Check Pods Manifest.lock";
			outputFileListPaths = (
			);
			outputPaths = (
				"$(DERIVED_FILE_DIR)/Pods-APIClientTests-checkManifestLockResult.txt",
			);
			runOnlyForDeploymentPostprocessing = 0;
			shellPath = /bin/sh;
			shellScript = "diff \"${PODS_PODFILE_DIR_PATH}/Podfile.lock\" \"${PODS_ROOT}/Manifest.lock\" > /dev/null\nif [ $? != 0 ] ; then\n    # print error to STDERR\n    echo \"error: The sandbox is not in sync with the Podfile.lock. Run 'pod install' or update your CocoaPods installation.\" >&2\n    exit 1\nfi\n# This output is used by Xcode 'outputs' to avoid re-running this script phase.\necho \"SUCCESS\" > \"${SCRIPT_OUTPUT_FILE_0}\"\n";
			showEnvVarsInLog = 0;
		};
		CAA6CDCC3B6D016731E338A7 /* [CP] Embed Pods Frameworks */ = {
			isa = PBXShellScriptBuildPhase;
			buildActionMask = 2147483647;
			files = (
			);
			inputFileListPaths = (
				"${PODS_ROOT}/Target Support Files/Pods-APIClientTests/Pods-APIClientTests-frameworks-${CONFIGURATION}-input-files.xcfilelist",
			);
			name = "[CP] Embed Pods Frameworks";
			outputFileListPaths = (
				"${PODS_ROOT}/Target Support Files/Pods-APIClientTests/Pods-APIClientTests-frameworks-${CONFIGURATION}-output-files.xcfilelist",
			);
			runOnlyForDeploymentPostprocessing = 0;
			shellPath = /bin/sh;
			shellScript = "\"${PODS_ROOT}/Target Support Files/Pods-APIClientTests/Pods-APIClientTests-frameworks.sh\"\n";
			showEnvVarsInLog = 0;
		};
/* End PBXShellScriptBuildPhase section */

/* Begin PBXSourcesBuildPhase section */
		6B9559AF93C7EB95B534E7E7 /* Sources */ = {
			isa = PBXSourcesBuildPhase;
			buildActionMask = 2147483647;
			files = (
				72E7B320CFDB31468B4E59CC /* Authenticator.swift in Sources */,
				8983FA4BBACA35C5BE35AFC7 /* Client.swift in Sources */,
				B9B842A16603A05606A9E53F /* Configuration.swift in Sources */,
				3BDBABE7890E76A32E46197E /* Interceptor.swift in Sources */,
				95F4287D1B3B043D2E8ADD83 /* Request.swift in Sources */,
				A710B34CA18A27C8B90BF2C3 /* Response.swift in Sources */,
			);
			runOnlyForDeploymentPostprocessing = 0;
		};
		F41F265F7CB546BAB7685A20 /* Sources */ = {
			isa = PBXSourcesBuildPhase;
			buildActionMask = 2147483647;
			files = (
				437CECDBE57A82BA352DAD47 /* APIClientTests.swift in Sources */,
				F6D2F20DE2DE50306E020693 /* Logger.swift in Sources */,
				D351210B08AA1E8887275B3A /* RequestBuilder.swift in Sources */,
			);
			runOnlyForDeploymentPostprocessing = 0;
		};
/* End PBXSourcesBuildPhase section */

/* Begin XCBuildConfiguration section */
		2545764B7F5D020A2DC5189B /* Debug */ = {
			isa = XCBuildConfiguration;
			baseConfigurationReference = 27C03F3502B0064CFB114B35 /* Pods-APIClientTests.debug.xcconfig */;
			buildSettings = {
				BUNDLE_LOADER = "$(TEST_HOST)";
				INFOPLIST_FILE = APIClientTests/Info.plist;
				PRODUCT_BUNDLE_IDENTIFIER = "com.d-date.APIClientTests";
				SDKROOT = iphoneos;
				TARGETED_DEVICE_FAMILY = "1,2,3,4";
			};
			name = Debug;
		};
		404377CA0358D40EDC7926DA /* Debug */ = {
			isa = XCBuildConfiguration;
			buildSettings = {
				ALWAYS_SEARCH_USER_PATHS = NO;
				CLANG_ANALYZER_NONNULL = YES;
				CLANG_ANALYZER_NUMBER_OBJECT_CONVERSION = YES_AGGRESSIVE;
				CLANG_CXX_LANGUAGE_STANDARD = "gnu++14";
				CLANG_CXX_LIBRARY = "libc++";
				CLANG_ENABLE_MODULES = YES;
				CLANG_ENABLE_OBJC_ARC = YES;
				CLANG_WARN_BLOCK_CAPTURE_AUTORELEASING = YES;
				CLANG_WARN_BOOL_CONVERSION = YES;
				CLANG_WARN_COMMA = YES;
				CLANG_WARN_CONSTANT_CONVERSION = YES;
				CLANG_WARN_DEPRECATED_OBJC_IMPLEMENTATIONS = YES;
				CLANG_WARN_DIRECT_OBJC_ISA_USAGE = YES_ERROR;
				CLANG_WARN_DOCUMENTATION_COMMENTS = YES;
				CLANG_WARN_EMPTY_BODY = YES;
				CLANG_WARN_ENUM_CONVERSION = YES;
				CLANG_WARN_INFINITE_RECURSION = YES;
				CLANG_WARN_INT_CONVERSION = YES;
				CLANG_WARN_NON_LITERAL_NULL_CONVERSION = YES;
				CLANG_WARN_OBJC_IMPLICIT_RETAIN_SELF = YES;
				CLANG_WARN_OBJC_LITERAL_CONVERSION = YES;
				CLANG_WARN_OBJC_ROOT_CLASS = YES_ERROR;
				CLANG_WARN_RANGE_LOOP_ANALYSIS = YES;
				CLANG_WARN_STRICT_PROTOTYPES = YES;
				CLANG_WARN_SUSPICIOUS_MOVE = YES;
				CLANG_WARN_UNGUARDED_AVAILABILITY = YES_AGGRESSIVE;
				CLANG_WARN_UNREACHABLE_CODE = YES;
				CLANG_WARN__DUPLICATE_METHOD_MATCH = YES;
				COPY_PHASE_STRIP = NO;
				DEBUG_INFORMATION_FORMAT = dwarf;
				ENABLE_STRICT_OBJC_MSGSEND = YES;
				ENABLE_TESTABILITY = YES;
				GCC_C_LANGUAGE_STANDARD = gnu11;
				GCC_DYNAMIC_NO_PIC = NO;
				GCC_NO_COMMON_BLOCKS = YES;
				GCC_OPTIMIZATION_LEVEL = 0;
				GCC_PREPROCESSOR_DEFINITIONS = (
					"$(inherited)",
					"DEBUG=1",
				);
				GCC_WARN_64_TO_32_BIT_CONVERSION = YES;
				GCC_WARN_ABOUT_RETURN_TYPE = YES_ERROR;
				GCC_WARN_UNDECLARED_SELECTOR = YES;
				GCC_WARN_UNINITIALIZED_AUTOS = YES_AGGRESSIVE;
				GCC_WARN_UNUSED_FUNCTION = YES;
				GCC_WARN_UNUSED_VARIABLE = YES;
				IPHONEOS_DEPLOYMENT_TARGET = 10.0;
				MACOSX_DEPLOYMENT_TARGET = 10.13;
				MTL_ENABLE_DEBUG_INFO = YES;
				MTL_FAST_MATH = YES;
				ONLY_ACTIVE_ARCH = YES;
				PRODUCT_NAME = "$(TARGET_NAME)";
				SDKROOT = iphoneos;
				SWIFT_ACTIVE_COMPILATION_CONDITIONS = DEBUG;
				SWIFT_OPTIMIZATION_LEVEL = "-Onone";
				SWIFT_VERSION = 5.0;
				TARGETED_DEVICE_FAMILY = "1,2,3,4";
				TVOS_DEPLOYMENT_TARGET = 10.0;
				VERSIONING_SYSTEM = "apple-generic";
				VERSION_INFO_PREFIX = "";
				WATCHOS_DEPLOYMENT_TARGET = 3.0;
			};
			name = Debug;
		};
		463B710FFEF99ED1FD22A82E /* Debug */ = {
			isa = XCBuildConfiguration;
			baseConfigurationReference = B8246B43936EA26D15D658FB /* Pods-APIClient.debug.xcconfig */;
			buildSettings = {
				CODE_SIGN_IDENTITY = "";
				CURRENT_PROJECT_VERSION = 1;
				DEFINES_MODULE = YES;
				DYLIB_COMPATIBILITY_VERSION = 1;
				DYLIB_CURRENT_VERSION = 1;
				DYLIB_INSTALL_NAME_BASE = "@rpath";
				INFOPLIST_FILE = APIClient/Info.plist;
				INSTALL_PATH = "$(LOCAL_LIBRARY_DIR)/Frameworks";
				LD_RUNPATH_SEARCH_PATHS = (
					"$(inherited)",
					"@executable_path/Frameworks",
				);
				PRODUCT_BUNDLE_IDENTIFIER = "com.d-date.APIClient";
				PRODUCT_NAME = "$(TARGET_NAME)";
				SDKROOT = iphoneos;
				SKIP_INSTALL = YES;
				SWIFT_VERSION = 5.0;
				TARGETED_DEVICE_FAMILY = "1,2,3,4";
				VERSIONING_SYSTEM = "apple-generic";
			};
			name = Debug;
		};
		B524228F8215B6E1B5F287AE /* Release */ = {
			isa = XCBuildConfiguration;
			baseConfigurationReference = E772DC858E52C56C2F759BE0 /* Pods-APIClientTests.release.xcconfig */;
			buildSettings = {
				BUNDLE_LOADER = "$(TEST_HOST)";
				INFOPLIST_FILE = APIClientTests/Info.plist;
				PRODUCT_BUNDLE_IDENTIFIER = "com.d-date.APIClientTests";
				SDKROOT = iphoneos;
				TARGETED_DEVICE_FAMILY = "1,2,3,4";
			};
			name = Release;
		};
		EEAA25ECB329B96660D81C8E /* Release */ = {
			isa = XCBuildConfiguration;
			baseConfigurationReference = BD8BB34DC839D98EE6D93879 /* Pods-APIClient.release.xcconfig */;
			buildSettings = {
				CODE_SIGN_IDENTITY = "";
				CURRENT_PROJECT_VERSION = 1;
				DEFINES_MODULE = YES;
				DYLIB_COMPATIBILITY_VERSION = 1;
				DYLIB_CURRENT_VERSION = 1;
				DYLIB_INSTALL_NAME_BASE = "@rpath";
				INFOPLIST_FILE = APIClient/Info.plist;
				INSTALL_PATH = "$(LOCAL_LIBRARY_DIR)/Frameworks";
				LD_RUNPATH_SEARCH_PATHS = (
					"$(inherited)",
					"@executable_path/Frameworks",
				);
				PRODUCT_BUNDLE_IDENTIFIER = "com.d-date.APIClient";
				PRODUCT_NAME = "$(TARGET_NAME)";
				SDKROOT = iphoneos;
				SKIP_INSTALL = YES;
				SWIFT_VERSION = 5.0;
				TARGETED_DEVICE_FAMILY = "1,2,3,4";
				VERSIONING_SYSTEM = "apple-generic";
			};
			name = Release;
		};
		F081E0FCC12156C334D58DB4 /* Release */ = {
			isa = XCBuildConfiguration;
			buildSettings = {
				ALWAYS_SEARCH_USER_PATHS = NO;
				CLANG_ANALYZER_NONNULL = YES;
				CLANG_ANALYZER_NUMBER_OBJECT_CONVERSION = YES_AGGRESSIVE;
				CLANG_CXX_LANGUAGE_STANDARD = "gnu++14";
				CLANG_CXX_LIBRARY = "libc++";
				CLANG_ENABLE_MODULES = YES;
				CLANG_ENABLE_OBJC_ARC = YES;
				CLANG_WARN_BLOCK_CAPTURE_AUTORELEASING = YES;
				CLANG_WARN_BOOL_CONVERSION = YES;
				CLANG_WARN_COMMA = YES;
				CLANG_WARN_CONSTANT_CONVERSION = YES;
				CLANG_WARN_DEPRECATED_OBJC_IMPLEMENTATIONS = YES;
				CLANG_WARN_DIRECT_OBJC_ISA_USAGE = YES_ERROR;
				CLANG_WARN_DOCUMENTATION_COMMENTS = YES;
				CLANG_WARN_EMPTY_BODY = YES;
				CLANG_WARN_ENUM_CONVERSION = YES;
				CLANG_WARN_INFINITE_RECURSION = YES;
				CLANG_WARN_INT_CONVERSION = YES;
				CLANG_WARN_NON_LITERAL_NULL_CONVERSION = YES;
				CLANG_WARN_OBJC_IMPLICIT_RETAIN_SELF = YES;
				CLANG_WARN_OBJC_LITERAL_CONVERSION = YES;
				CLANG_WARN_OBJC_ROOT_CLASS = YES_ERROR;
				CLANG_WARN_RANGE_LOOP_ANALYSIS = YES;
				CLANG_WARN_STRICT_PROTOTYPES = YES;
				CLANG_WARN_SUSPICIOUS_MOVE = YES;
				CLANG_WARN_UNGUARDED_AVAILABILITY = YES_AGGRESSIVE;
				CLANG_WARN_UNREACHABLE_CODE = YES;
				CLANG_WARN__DUPLICATE_METHOD_MATCH = YES;
				COPY_PHASE_STRIP = NO;
				DEBUG_INFORMATION_FORMAT = "dwarf-with-dsym";
				ENABLE_NS_ASSERTIONS = NO;
				ENABLE_STRICT_OBJC_MSGSEND = YES;
				GCC_C_LANGUAGE_STANDARD = gnu11;
				GCC_NO_COMMON_BLOCKS = YES;
				GCC_WARN_64_TO_32_BIT_CONVERSION = YES;
				GCC_WARN_ABOUT_RETURN_TYPE = YES_ERROR;
				GCC_WARN_UNDECLARED_SELECTOR = YES;
				GCC_WARN_UNINITIALIZED_AUTOS = YES_AGGRESSIVE;
				GCC_WARN_UNUSED_FUNCTION = YES;
				GCC_WARN_UNUSED_VARIABLE = YES;
				IPHONEOS_DEPLOYMENT_TARGET = 10.0;
				MACOSX_DEPLOYMENT_TARGET = 10.13;
				MTL_FAST_MATH = YES;
				PRODUCT_NAME = "$(TARGET_NAME)";
				SDKROOT = iphoneos;
				SWIFT_COMPILATION_MODE = wholemodule;
				SWIFT_VERSION = 5.0;
				TARGETED_DEVICE_FAMILY = "1,2,3,4";
				TVOS_DEPLOYMENT_TARGET = 10.0;
				VALIDATE_PRODUCT = YES;
				VERSIONING_SYSTEM = "apple-generic";
				VERSION_INFO_PREFIX = "";
				WATCHOS_DEPLOYMENT_TARGET = 3.0;
			};
			name = Release;
		};
/* End XCBuildConfiguration section */

/* Begin XCConfigurationList section */
		089EC610EC2EB22AE7011C9E /* Build configuration list for PBXNativeTarget "APIClient" */ = {
			isa = XCConfigurationList;
			buildConfigurations = (
				463B710FFEF99ED1FD22A82E /* Debug */,
				EEAA25ECB329B96660D81C8E /* Release */,
			);
			defaultConfigurationIsVisible = 0;
			defaultConfigurationName = "";
		};
		CC2DC059F4FE050BFB6D37F4 /* Build configuration list for PBXNativeTarget "APIClientTests" */ = {
			isa = XCConfigurationList;
			buildConfigurations = (
				2545764B7F5D020A2DC5189B /* Debug */,
				B524228F8215B6E1B5F287AE /* Release */,
			);
			defaultConfigurationIsVisible = 0;
			defaultConfigurationName = "";
		};
		F6B03715F24E95B418621003 /* Build configuration list for PBXProject "APIClient" */ = {
			isa = XCConfigurationList;
			buildConfigurations = (
				404377CA0358D40EDC7926DA /* Debug */,
				F081E0FCC12156C334D58DB4 /* Release */,
			);
			defaultConfigurationIsVisible = 0;
			defaultConfigurationName = Release;
		};
/* End XCConfigurationList section */
	};
	rootObject = 872B15FCC4094C4C28173E9E /* Project object */;
}
